
Microsoft Visual Studio Solution File, Format Version 12.00
# Visual Studio 15
VisualStudioVersion = 15.0.27703.2026
MinimumVisualStudioVersion = 10.0.40219.1
Project("{FAE04EC0-301F-11D3-BF4B-00C04F79EFBC}") = "ReiDoAlmoco.WebApplication", "ReiDoAlmoco.WebApplication\ReiDoAlmoco.WebApplication.csproj", "{B9577E06-69A4-4327-A02F-0601A888FE7E}"
EndProject
Project("{FAE04EC0-301F-11D3-BF4B-00C04F79EFBC}") = "ReiDoAlmoco.Models", "ReiDoAlmoco.Models\ReiDoAlmoco.Models.csproj", "{323AF5F3-3D38-4267-9215-5E3B9D3D027C}"
EndProject
Project("{FAE04EC0-301F-11D3-BF4B-00C04F79EFBC}") = "ReiDoAlmoco.Persistencia", "ReiDoAlmoco.Persistencia\ReiDoAlmoco.Persistencia.csproj", "{ACAF7513-D647-4677-B2CF-3C037D53A3B2}"
EndProject
Project("{FAE04EC0-301F-11D3-BF4B-00C04F79EFBC}") = "ReiDoAlmoco.RegrasDeNegocio", "ReiDoAlmoco.RegrasDeNegocio\ReiDoAlmoco.RegrasDeNegocio.csproj", "{8EBF5A01-1DA7-487D-89DA-CD011D026D3D}"
EndProject
Project("{FAE04EC0-301F-11D3-BF4B-00C04F79EFBC}") = "ReiDoAlmoco.UnitTest", "ReiDoAlmoco.UnitTest\ReiDoAlmoco.UnitTest.csproj", "{45238E2D-62E0-49D6-8E13-E30E3A359E44}"
EndProject
Global
	GlobalSection(SolutionConfigurationPlatforms) = preSolution
		Debug|Any CPU = Debug|Any CPU
		Release|Any CPU = Release|Any CPU
	EndGlobalSection
	GlobalSection(ProjectConfigurationPlatforms) = postSolution
		{B9577E06-69A4-4327-A02F-0601A888FE7E}.Debug|Any CPU.ActiveCfg = Debug|Any CPU
		{B9577E06-69A4-4327-A02F-0601A888FE7E}.Debug|Any CPU.Build.0 = Debug|Any CPU
		{B9577E06-69A4-4327-A02F-0601A888FE7E}.Release|Any CPU.ActiveCfg = Release|Any CPU
		{B9577E06-69A4-4327-A02F-0601A888FE7E}.Release|Any CPU.Build.0 = Release|Any CPU
		{323AF5F3-3D38-4267-9215-5E3B9D3D027C}.Debug|Any CPU.ActiveCfg = Debug|Any CPU
		{323AF5F3-3D38-4267-9215-5E3B9D3D027C}.Debug|Any CPU.Build.0 = Debug|Any CPU
		{323AF5F3-3D38-4267-9215-5E3B9D3D027C}.Release|Any CPU.ActiveCfg = Release|Any CPU
		{323AF5F3-3D38-4267-9215-5E3B9D3D027C}.Release|Any CPU.Build.0 = Release|Any CPU
		{ACAF7513-D647-4677-B2CF-3C037D53A3B2}.Debug|Any CPU.ActiveCfg = Debug|Any CPU
		{ACAF7513-D647-4677-B2CF-3C037D53A3B2}.Debug|Any CPU.Build.0 = Debug|Any CPU
		{ACAF7513-D647-4677-B2CF-3C037D53A3B2}.Release|Any CPU.ActiveCfg = Release|Any CPU
		{ACAF7513-D647-4677-B2CF-3C037D53A3B2}.Release|Any CPU.Build.0 = Release|Any CPU
		{8EBF5A01-1DA7-487D-89DA-CD011D026D3D}.Debug|Any CPU.ActiveCfg = Debug|Any CPU
		{8EBF5A01-1DA7-487D-89DA-CD011D026D3D}.Debug|Any CPU.Build.0 = Debug|Any CPU
		{8EBF5A01-1DA7-487D-89DA-CD011D026D3D}.Release|Any CPU.ActiveCfg = Release|Any CPU
		{8EBF5A01-1DA7-487D-89DA-CD011D026D3D}.Release|Any CPU.Build.0 = Release|Any CPU
		{45238E2D-62E0-49D6-8E13-E30E3A359E44}.Debug|Any CPU.ActiveCfg = Debug|Any CPU
		{45238E2D-62E0-49D6-8E13-E30E3A359E44}.Debug|Any CPU.Build.0 = Debug|Any CPU
		{45238E2D-62E0-49D6-8E13-E30E3A359E44}.Release|Any CPU.ActiveCfg = Release|Any CPU
		{45238E2D-62E0-49D6-8E13-E30E3A359E44}.Release|Any CPU.Build.0 = Release|Any CPU
	EndGlobalSection
	GlobalSection(SolutionProperties) = preSolution
		HideSolutionNode = FALSE
	EndGlobalSection
	GlobalSection(ExtensibilityGlobals) = postSolution
		SolutionGuid = {78EB4FB8-ACC2-40CE-A86F-62DC0FBFB65D}
	EndGlobalSection
EndGlobal
